
Microsoft Visual Studio Solution File, Format Version 12.00
Project("{FAE04EC0-301F-11D3-BF4B-00C04F79EFBC}") = "Kromplon.Api", "src\Apps\Kromplon.Api\Kromplon.Api.csproj", "{1CD477C4-A119-4FFF-A69A-ACA4EC5E47AD}"
EndProject
Project("{2150E333-8FDC-42A3-9474-1A3956D46DE8}") = "Apps", "Apps", "{DD17AAD9-8C0C-420F-B479-0512DFAFB119}"
EndProject
Project("{2150E333-8FDC-42A3-9474-1A3956D46DE8}") = "src", "src", "{FC495CA5-9E87-480B-83FB-8E224B99B6BA}"
EndProject
Project("{2150E333-8FDC-42A3-9474-1A3956D46DE8}") = "tests", "tests", "{1244312D-3EBB-4DEA-891B-E4E0A5C79905}"
EndProject
Project("{2150E333-8FDC-42A3-9474-1A3956D46DE8}") = "Commons", "Commons", "{817BFA01-6B24-4DD6-AA2F-6A9A336D0BF5}"
EndProject
Project("{2150E333-8FDC-42A3-9474-1A3956D46DE8}") = "Modules", "Modules", "{46BFE188-C06A-4760-B9B5-2DF8665C43E9}"
EndProject
Project("{2150E333-8FDC-42A3-9474-1A3956D46DE8}") = "Users", "Users", "{7D8DB02B-DEFD-4BC0-9E3A-DFE70CD21A5B}"
EndProject
Project("{FAE04EC0-301F-11D3-BF4B-00C04F79EFBC}") = "Kromplon.Modules.Users.Api", "src\Modules\Users\Kromplon.Modules.Users.Api\Kromplon.Modules.Users.Api.csproj", "{10C857B8-6B83-4398-B4C3-4070DEEF3855}"
EndProject
Project("{FAE04EC0-301F-11D3-BF4B-00C04F79EFBC}") = "Kromplon.Modules.Users.Core", "src\Modules\Users\Kromplon.Modules.Users.Core\Kromplon.Modules.Users.Core.csproj", "{1D2EA61C-35E5-4AA8-8C42-752C599895E2}"
EndProject
Project("{FAE04EC0-301F-11D3-BF4B-00C04F79EFBC}") = "Kromplon.Modules.Users.Infrastructure", "src\Modules\Users\Kromplon.Modules.Users.Infrastructure\Kromplon.Modules.Users.Infrastructure.csproj", "{A71F962D-764F-46AE-8C79-0B4CE45FCEC2}"
EndProject
Project("{FAE04EC0-301F-11D3-BF4B-00C04F79EFBC}") = "Kromplon.Commons.Abstractions", "src\Commons\Kromplon.Commons.Abstractions\Kromplon.Commons.Abstractions.csproj", "{6DB4FD9B-12CF-4B13-9318-7668DC16396E}"
EndProject
Project("{FAE04EC0-301F-11D3-BF4B-00C04F79EFBC}") = "Kromplon.Commons.Infrastructure", "src\Commons\Kromplon.Commons.Infrastructure\Kromplon.Commons.Infrastructure.csproj", "{ED2693AD-2882-436F-8C40-DAD34595DC1C}"
EndProject
Global
	GlobalSection(SolutionConfigurationPlatforms) = preSolution
		Debug|Any CPU = Debug|Any CPU
		Release|Any CPU = Release|Any CPU
	EndGlobalSection
	GlobalSection(ProjectConfigurationPlatforms) = postSolution
		{1CD477C4-A119-4FFF-A69A-ACA4EC5E47AD}.Debug|Any CPU.ActiveCfg = Debug|Any CPU
		{1CD477C4-A119-4FFF-A69A-ACA4EC5E47AD}.Debug|Any CPU.Build.0 = Debug|Any CPU
		{1CD477C4-A119-4FFF-A69A-ACA4EC5E47AD}.Release|Any CPU.ActiveCfg = Release|Any CPU
		{1CD477C4-A119-4FFF-A69A-ACA4EC5E47AD}.Release|Any CPU.Build.0 = Release|Any CPU
		{10C857B8-6B83-4398-B4C3-4070DEEF3855}.Debug|Any CPU.ActiveCfg = Debug|Any CPU
		{10C857B8-6B83-4398-B4C3-4070DEEF3855}.Debug|Any CPU.Build.0 = Debug|Any CPU
		{10C857B8-6B83-4398-B4C3-4070DEEF3855}.Release|Any CPU.ActiveCfg = Release|Any CPU
		{10C857B8-6B83-4398-B4C3-4070DEEF3855}.Release|Any CPU.Build.0 = Release|Any CPU
		{1D2EA61C-35E5-4AA8-8C42-752C599895E2}.Debug|Any CPU.ActiveCfg = Debug|Any CPU
		{1D2EA61C-35E5-4AA8-8C42-752C599895E2}.Debug|Any CPU.Build.0 = Debug|Any CPU
		{1D2EA61C-35E5-4AA8-8C42-752C599895E2}.Release|Any CPU.ActiveCfg = Release|Any CPU
		{1D2EA61C-35E5-4AA8-8C42-752C599895E2}.Release|Any CPU.Build.0 = Release|Any CPU
		{A71F962D-764F-46AE-8C79-0B4CE45FCEC2}.Debug|Any CPU.ActiveCfg = Debug|Any CPU
		{A71F962D-764F-46AE-8C79-0B4CE45FCEC2}.Debug|Any CPU.Build.0 = Debug|Any CPU
		{A71F962D-764F-46AE-8C79-0B4CE45FCEC2}.Release|Any CPU.ActiveCfg = Release|Any CPU
		{A71F962D-764F-46AE-8C79-0B4CE45FCEC2}.Release|Any CPU.Build.0 = Release|Any CPU
		{6DB4FD9B-12CF-4B13-9318-7668DC16396E}.Debug|Any CPU.ActiveCfg = Debug|Any CPU
		{6DB4FD9B-12CF-4B13-9318-7668DC16396E}.Debug|Any CPU.Build.0 = Debug|Any CPU
		{6DB4FD9B-12CF-4B13-9318-7668DC16396E}.Release|Any CPU.ActiveCfg = Release|Any CPU
		{6DB4FD9B-12CF-4B13-9318-7668DC16396E}.Release|Any CPU.Build.0 = Release|Any CPU
		{ED2693AD-2882-436F-8C40-DAD34595DC1C}.Debug|Any CPU.ActiveCfg = Debug|Any CPU
		{ED2693AD-2882-436F-8C40-DAD34595DC1C}.Debug|Any CPU.Build.0 = Debug|Any CPU
		{ED2693AD-2882-436F-8C40-DAD34595DC1C}.Release|Any CPU.ActiveCfg = Release|Any CPU
		{ED2693AD-2882-436F-8C40-DAD34595DC1C}.Release|Any CPU.Build.0 = Release|Any CPU
	EndGlobalSection
	GlobalSection(NestedProjects) = preSolution
		{1CD477C4-A119-4FFF-A69A-ACA4EC5E47AD} = {DD17AAD9-8C0C-420F-B479-0512DFAFB119}
		{DD17AAD9-8C0C-420F-B479-0512DFAFB119} = {FC495CA5-9E87-480B-83FB-8E224B99B6BA}
		{817BFA01-6B24-4DD6-AA2F-6A9A336D0BF5} = {FC495CA5-9E87-480B-83FB-8E224B99B6BA}
		{46BFE188-C06A-4760-B9B5-2DF8665C43E9} = {FC495CA5-9E87-480B-83FB-8E224B99B6BA}
		{7D8DB02B-DEFD-4BC0-9E3A-DFE70CD21A5B} = {46BFE188-C06A-4760-B9B5-2DF8665C43E9}
		{10C857B8-6B83-4398-B4C3-4070DEEF3855} = {7D8DB02B-DEFD-4BC0-9E3A-DFE70CD21A5B}
		{1D2EA61C-35E5-4AA8-8C42-752C599895E2} = {7D8DB02B-DEFD-4BC0-9E3A-DFE70CD21A5B}
		{A71F962D-764F-46AE-8C79-0B4CE45FCEC2} = {7D8DB02B-DEFD-4BC0-9E3A-DFE70CD21A5B}
		{6DB4FD9B-12CF-4B13-9318-7668DC16396E} = {817BFA01-6B24-4DD6-AA2F-6A9A336D0BF5}
		{ED2693AD-2882-436F-8C40-DAD34595DC1C} = {817BFA01-6B24-4DD6-AA2F-6A9A336D0BF5}
	EndGlobalSection
EndGlobal
