
Microsoft Visual Studio Solution File, Format Version 12.00
Project("{FAE04EC0-301F-11D3-BF4B-00C04F79EFBC}") = "Kromplon.Api", "src\Apps\Kromplon.Api\Kromplon.Api.csproj", "{1CD477C4-A119-4FFF-A69A-ACA4EC5E47AD}"
EndProject
Global
	GlobalSection(SolutionConfigurationPlatforms) = preSolution
		Debug|Any CPU = Debug|Any CPU
		Release|Any CPU = Release|Any CPU
	EndGlobalSection
	GlobalSection(ProjectConfigurationPlatforms) = postSolution
		{1CD477C4-A119-4FFF-A69A-ACA4EC5E47AD}.Debug|Any CPU.ActiveCfg = Debug|Any CPU
		{1CD477C4-A119-4FFF-A69A-ACA4EC5E47AD}.Debug|Any CPU.Build.0 = Debug|Any CPU
		{1CD477C4-A119-4FFF-A69A-ACA4EC5E47AD}.Release|Any CPU.ActiveCfg = Release|Any CPU
		{1CD477C4-A119-4FFF-A69A-ACA4EC5E47AD}.Release|Any CPU.Build.0 = Release|Any CPU
	EndGlobalSection
EndGlobal
